// !$*UTF8*$!
{
	archiveVersion = 1;
	classes = {
	};
	objectVersion = 46;
	objects = {

/* Begin PBXBuildFile section */
		F7AFCDC81C853AF400496AD6 /* IMG_0260.mp4 in Resources */ = {isa = PBXBuildFile; fileRef = F7AFCDC71C853AF400496AD6 /* IMG_0260.mp4 */; };
		F7EAF2871C7A569A0066DC61 /* AppDelegate.swift in Sources */ = {isa = PBXBuildFile; fileRef = F7EAF2861C7A569A0066DC61 /* AppDelegate.swift */; };
		F7EAF2891C7A569A0066DC61 /* ViewController.swift in Sources */ = {isa = PBXBuildFile; fileRef = F7EAF2881C7A569A0066DC61 /* ViewController.swift */; };
		F7EAF28C1C7A569A0066DC61 /* Main.storyboard in Resources */ = {isa = PBXBuildFile; fileRef = F7EAF28A1C7A569A0066DC61 /* Main.storyboard */; };
		F7EAF28E1C7A569A0066DC61 /* Assets.xcassets in Resources */ = {isa = PBXBuildFile; fileRef = F7EAF28D1C7A569A0066DC61 /* Assets.xcassets */; };
		F7EAF2911C7A569A0066DC61 /* LaunchScreen.storyboard in Resources */ = {isa = PBXBuildFile; fileRef = F7EAF28F1C7A569A0066DC61 /* LaunchScreen.storyboard */; };
		F7EAF2991C7A56BA0066DC61 /* AVAsset+Utils.swift in Sources */ = {isa = PBXBuildFile; fileRef = F7EAF2981C7A56BA0066DC61 /* AVAsset+Utils.swift */; };
		F7EAF29B1C7A571C0066DC61 /* LYVideoRangeSlider.swift in Sources */ = {isa = PBXBuildFile; fileRef = F7EAF29A1C7A571C0066DC61 /* LYVideoRangeSlider.swift */; };
		F7EAF2B51C7C9C170066DC61 /* vid.mp4 in Resources */ = {isa = PBXBuildFile; fileRef = F7EAF2B41C7C9C170066DC61 /* vid.mp4 */; };
/* End PBXBuildFile section */

/* Begin PBXFileReference section */
		F7AFCDC71C853AF400496AD6 /* IMG_0260.mp4 */ = {isa = PBXFileReference; lastKnownFileType = file; path = IMG_0260.mp4; sourceTree = "<group>"; };
		F7EAF2831C7A569A0066DC61 /* LYVideoRangeSlider.app */ = {isa = PBXFileReference; explicitFileType = wrapper.application; includeInIndex = 0; path = LYVideoRangeSlider.app; sourceTree = BUILT_PRODUCTS_DIR; };
		F7EAF2861C7A569A0066DC61 /* AppDelegate.swift */ = {isa = PBXFileReference; lastKnownFileType = sourcecode.swift; path = AppDelegate.swift; sourceTree = "<group>"; };
		F7EAF2881C7A569A0066DC61 /* ViewController.swift */ = {isa = PBXFileReference; lastKnownFileType = sourcecode.swift; path = ViewController.swift; sourceTree = "<group>"; };
		F7EAF28B1C7A569A0066DC61 /* Base */ = {isa = PBXFileReference; lastKnownFileType = file.storyboard; name = Base; path = Base.lproj/Main.storyboard; sourceTree = "<group>"; };
		F7EAF28D1C7A569A0066DC61 /* Assets.xcassets */ = {isa = PBXFileReference; lastKnownFileType = folder.assetcatalog; path = Assets.xcassets; sourceTree = "<group>"; };
		F7EAF2901C7A569A0066DC61 /* Base */ = {isa = PBXFileReference; lastKnownFileType = file.storyboard; name = Base; path = Base.lproj/LaunchScreen.storyboard; sourceTree = "<group>"; };
		F7EAF2921C7A569A0066DC61 /* Info.plist */ = {isa = PBXFileReference; lastKnownFileType = text.plist.xml; path = Info.plist; sourceTree = "<group>"; };
		F7EAF2981C7A56BA0066DC61 /* AVAsset+Utils.swift */ = {isa = PBXFileReference; fileEncoding = 4; lastKnownFileType = sourcecode.swift; path = "AVAsset+Utils.swift"; sourceTree = "<group>"; };
		F7EAF29A1C7A571C0066DC61 /* LYVideoRangeSlider.swift */ = {isa = PBXFileReference; fileEncoding = 4; lastKnownFileType = sourcecode.swift; path = LYVideoRangeSlider.swift; sourceTree = "<group>"; };
		F7EAF2B41C7C9C170066DC61 /* vid.mp4 */ = {isa = PBXFileReference; lastKnownFileType = file; path = vid.mp4; sourceTree = "<group>"; };
/* End PBXFileReference section */

/* Begin PBXFrameworksBuildPhase section */
		F7EAF2801C7A569A0066DC61 /* Frameworks */ = {
			isa = PBXFrameworksBuildPhase;
			buildActionMask = 2147483647;
			files = (
			);
			runOnlyForDeploymentPostprocessing = 0;
		};
/* End PBXFrameworksBuildPhase section */

/* Begin PBXGroup section */
		F7EAF27A1C7A569A0066DC61 = {
			isa = PBXGroup;
			children = (
				F7EAF2851C7A569A0066DC61 /* LYVideoRangeSlider */,
				F7EAF2841C7A569A0066DC61 /* Products */,
			);
			sourceTree = "<group>";
		};
		F7EAF2841C7A569A0066DC61 /* Products */ = {
			isa = PBXGroup;
			children = (
				F7EAF2831C7A569A0066DC61 /* LYVideoRangeSlider.app */,
			);
			name = Products;
			sourceTree = "<group>";
		};
		F7EAF2851C7A569A0066DC61 /* LYVideoRangeSlider */ = {
			isa = PBXGroup;
			children = (
				F7EAF2861C7A569A0066DC61 /* AppDelegate.swift */,
				F7EAF29A1C7A571C0066DC61 /* LYVideoRangeSlider.swift */,
				F7EAF2981C7A56BA0066DC61 /* AVAsset+Utils.swift */,
				F7EAF2881C7A569A0066DC61 /* ViewController.swift */,
				F7EAF28A1C7A569A0066DC61 /* Main.storyboard */,
				F7EAF2B41C7C9C170066DC61 /* vid.mp4 */,
				F7AFCDC71C853AF400496AD6 /* IMG_0260.mp4 */,
				F7EAF28D1C7A569A0066DC61 /* Assets.xcassets */,
				F7EAF28F1C7A569A0066DC61 /* LaunchScreen.storyboard */,
				F7EAF2921C7A569A0066DC61 /* Info.plist */,
			);
			path = LYVideoRangeSlider;
			sourceTree = "<group>";
		};
/* End PBXGroup section */

/* Begin PBXNativeTarget section */
		F7EAF2821C7A569A0066DC61 /* LYVideoRangeSlider */ = {
			isa = PBXNativeTarget;
			buildConfigurationList = F7EAF2951C7A569A0066DC61 /* Build configuration list for PBXNativeTarget "LYVideoRangeSlider" */;
			buildPhases = (
				F7EAF27F1C7A569A0066DC61 /* Sources */,
				F7EAF2801C7A569A0066DC61 /* Frameworks */,
				F7EAF2811C7A569A0066DC61 /* Resources */,
			);
			buildRules = (
			);
			dependencies = (
			);
			name = LYVideoRangeSlider;
			productName = LYVideoRangeSlider;
			productReference = F7EAF2831C7A569A0066DC61 /* LYVideoRangeSlider.app */;
			productType = "com.apple.product-type.application";
		};
/* End PBXNativeTarget section */

/* Begin PBXProject section */
		F7EAF27B1C7A569A0066DC61 /* Project object */ = {
			isa = PBXProject;
			attributes = {
				LastSwiftUpdateCheck = 0720;
				LastUpgradeCheck = 0720;
				ORGANIZATIONNAME = "V+I";
				TargetAttributes = {
					F7EAF2821C7A569A0066DC61 = {
						CreatedOnToolsVersion = 7.2.1;
					};
				};
			};
			buildConfigurationList = F7EAF27E1C7A569A0066DC61 /* Build configuration list for PBXProject "LYVideoRangeSlider" */;
			compatibilityVersion = "Xcode 3.2";
			developmentRegion = English;
			hasScannedForEncodings = 0;
			knownRegions = (
				en,
				Base,
			);
			mainGroup = F7EAF27A1C7A569A0066DC61;
			productRefGroup = F7EAF2841C7A569A0066DC61 /* Products */;
			projectDirPath = "";
			projectRoot = "";
			targets = (
				F7EAF2821C7A569A0066DC61 /* LYVideoRangeSlider */,
			);
		};
/* End PBXProject section */

/* Begin PBXResourcesBuildPhase section */
		F7EAF2811C7A569A0066DC61 /* Resources */ = {
			isa = PBXResourcesBuildPhase;
			buildActionMask = 2147483647;
			files = (
				F7EAF2911C7A569A0066DC61 /* LaunchScreen.storyboard in Resources */,
				F7AFCDC81C853AF400496AD6 /* IMG_0260.mp4 in Resources */,
				F7EAF2B51C7C9C170066DC61 /* vid.mp4 in Resources */,
				F7EAF28E1C7A569A0066DC61 /* Assets.xcassets in Resources */,
				F7EAF28C1C7A569A0066DC61 /* Main.storyboard in Resources */,
			);
			runOnlyForDeploymentPostprocessing = 0;
		};
/* End PBXResourcesBuildPhase section */

/* Begin PBXSourcesBuildPhase section */
		F7EAF27F1C7A569A0066DC61 /* Sources */ = {
			isa = PBXSourcesBuildPhase;
			buildActionMask = 2147483647;
			files = (
				F7EAF2891C7A569A0066DC61 /* ViewController.swift in Sources */,
				F7EAF2871C7A569A0066DC61 /* AppDelegate.swift in Sources */,
				F7EAF2991C7A56BA0066DC61 /* AVAsset+Utils.swift in Sources */,
				F7EAF29B1C7A571C0066DC61 /* LYVideoRangeSlider.swift in Sources */,
			);
			runOnlyForDeploymentPostprocessing = 0;
		};
/* End PBXSourcesBuildPhase section */

/* Begin PBXVariantGroup section */
		F7EAF28A1C7A569A0066DC61 /* Main.storyboard */ = {
			isa = PBXVariantGroup;
			children = (
				F7EAF28B1C7A569A0066DC61 /* Base */,
			);
			name = Main.storyboard;
			sourceTree = "<group>";
		};
		F7EAF28F1C7A569A0066DC61 /* LaunchScreen.storyboard */ = {
			isa = PBXVariantGroup;
			children = (
				F7EAF2901C7A569A0066DC61 /* Base */,
			);
			name = LaunchScreen.storyboard;
			sourceTree = "<group>";
		};
/* End PBXVariantGroup section */

/* Begin XCBuildConfiguration section */
		F7EAF2931C7A569A0066DC61 /* Debug */ = {
			isa = XCBuildConfiguration;
			buildSettings = {
				ALWAYS_SEARCH_USER_PATHS = NO;
				CLANG_CXX_LANGUAGE_STANDARD = "gnu++0x";
				CLANG_CXX_LIBRARY = "libc++";
				CLANG_ENABLE_MODULES = YES;
				CLANG_ENABLE_OBJC_ARC = YES;
				CLANG_WARN_BOOL_CONVERSION = YES;
				CLANG_WARN_CONSTANT_CONVERSION = YES;
				CLANG_WARN_DIRECT_OBJC_ISA_USAGE = YES_ERROR;
				CLANG_WARN_EMPTY_BODY = YES;
				CLANG_WARN_ENUM_CONVERSION = YES;
				CLANG_WARN_INT_CONVERSION = YES;
				CLANG_WARN_OBJC_ROOT_CLASS = YES_ERROR;
				CLANG_WARN_UNREACHABLE_CODE = YES;
				CLANG_WARN__DUPLICATE_METHOD_MATCH = YES;
				"CODE_SIGN_IDENTITY[sdk=iphoneos*]" = "iPhone Developer";
				COPY_PHASE_STRIP = NO;
				DEBUG_INFORMATION_FORMAT = dwarf;
				ENABLE_STRICT_OBJC_MSGSEND = YES;
				ENABLE_TESTABILITY = YES;
				GCC_C_LANGUAGE_STANDARD = gnu99;
				GCC_DYNAMIC_NO_PIC = NO;
				GCC_NO_COMMON_BLOCKS = YES;
				GCC_OPTIMIZATION_LEVEL = 0;
				GCC_PREPROCESSOR_DEFINITIONS = (
					"DEBUG=1",
					"$(inherited)",
				);
				GCC_WARN_64_TO_32_BIT_CONVERSION = YES;
				GCC_WARN_ABOUT_RETURN_TYPE = YES_ERROR;
				GCC_WARN_UNDECLARED_SELECTOR = YES;
				GCC_WARN_UNINITIALIZED_AUTOS = YES_AGGRESSIVE;
				GCC_WARN_UNUSED_FUNCTION = YES;
				GCC_WARN_UNUSED_VARIABLE = YES;
				IPHONEOS_DEPLOYMENT_TARGET = 9.2;
				MTL_ENABLE_DEBUG_INFO = YES;
				ONLY_ACTIVE_ARCH = YES;
				SDKROOT = iphoneos;
				SWIFT_OPTIMIZATION_LEVEL = "-Onone";
			};
			name = Debug;
		};
		F7EAF2941C7A569A0066DC61 /* Release */ = {
			isa = XCBuildConfiguration;
			buildSettings = {
				ALWAYS_SEARCH_USER_PATHS = NO;
				CLANG_CXX_LANGUAGE_STANDARD = "gnu++0x";
				CLANG_CXX_LIBRARY = "libc++";
				CLANG_ENABLE_MODULES = YES;
				CLANG_ENABLE_OBJC_ARC = YES;
				CLANG_WARN_BOOL_CONVERSION = YES;
				CLANG_WARN_CONSTANT_CONVERSION = YES;
				CLANG_WARN_DIRECT_OBJC_ISA_USAGE = YES_ERROR;
				CLANG_WARN_EMPTY_BODY = YES;
				CLANG_WARN_ENUM_CONVERSION = YES;
				CLANG_WARN_INT_CONVERSION = YES;
				CLANG_WARN_OBJC_ROOT_CLASS = YES_ERROR;
				CLANG_WARN_UNREACHABLE_CODE = YES;
				CLANG_WARN__DUPLICATE_METHOD_MATCH = YES;
				"CODE_SIGN_IDENTITY[sdk=iphoneos*]" = "iPhone Developer";
				COPY_PHASE_STRIP = NO;
				DEBUG_INFORMATION_FORMAT = "dwarf-with-dsym";
				ENABLE_NS_ASSERTIONS = NO;
				ENABLE_STRICT_OBJC_MSGSEND = YES;
				GCC_C_LANGUAGE_STANDARD = gnu99;
				GCC_NO_COMMON_BLOCKS = YES;
				GCC_WARN_64_TO_32_BIT_CONVERSION = YES;
				GCC_WARN_ABOUT_RETURN_TYPE = YES_ERROR;
				GCC_WARN_UNDECLARED_SELECTOR = YES;
				GCC_WARN_UNINITIALIZED_AUTOS = YES_AGGRESSIVE;
				GCC_WARN_UNUSED_FUNCTION = YES;
				GCC_WARN_UNUSED_VARIABLE = YES;
				IPHONEOS_DEPLOYMENT_TARGET = 9.2;
				MTL_ENABLE_DEBUG_INFO = NO;
				SDKROOT = iphoneos;
				VALIDATE_PRODUCT = YES;
			};
			name = Release;
		};
		F7EAF2961C7A569A0066DC61 /* Debug */ = {
			isa = XCBuildConfiguration;
			buildSettings = {
				ASSETCATALOG_COMPILER_APPICON_NAME = AppIcon;
				INFOPLIST_FILE = LYVideoRangeSlider/Info.plist;
				LD_RUNPATH_SEARCH_PATHS = "$(inherited) @executable_path/Frameworks";
				PRODUCT_BUNDLE_IDENTIFIER = void.infinity.LYVideoRangeSlider;
				PRODUCT_NAME = "$(TARGET_NAME)";
			};
			name = Debug;
		};
		F7EAF2971C7A569A0066DC61 /* Release */ = {
			isa = XCBuildConfiguration;
			buildSettings = {
				ASSETCATALOG_COMPILER_APPICON_NAME = AppIcon;
				INFOPLIST_FILE = LYVideoRangeSlider/Info.plist;
				LD_RUNPATH_SEARCH_PATHS = "$(inherited) @executable_path/Frameworks";
				PRODUCT_BUNDLE_IDENTIFIER = void.infinity.LYVideoRangeSlider;
				PRODUCT_NAME = "$(TARGET_NAME)";
			};
			name = Release;
		};
/* End XCBuildConfiguration section */

/* Begin XCConfigurationList section */
		F7EAF27E1C7A569A0066DC61 /* Build configuration list for PBXProject "LYVideoRangeSlider" */ = {
			isa = XCConfigurationList;
			buildConfigurations = (
				F7EAF2931C7A569A0066DC61 /* Debug */,
				F7EAF2941C7A569A0066DC61 /* Release */,
			);
			defaultConfigurationIsVisible = 0;
			defaultConfigurationName = Release;
		};
		F7EAF2951C7A569A0066DC61 /* Build configuration list for PBXNativeTarget "LYVideoRangeSlider" */ = {
			isa = XCConfigurationList;
			buildConfigurations = (
				F7EAF2961C7A569A0066DC61 /* Debug */,
				F7EAF2971C7A569A0066DC61 /* Release */,
			);
			defaultConfigurationIsVisible = 0;
			defaultConfigurationName = Release;
		};
/* End XCConfigurationList section */
	};
	rootObject = F7EAF27B1C7A569A0066DC61 /* Project object */;
}
